
Microsoft Visual Studio Solution File, Format Version 12.00
# Visual Studio Version 17
VisualStudioVersion = 17.4.33205.214
MinimumVisualStudioVersion = 10.0.40219.1
Project("{888888A0-9F3D-457C-B088-3A5042F75D52}") = "Kuznetsova_lab2", "Kuznetsova_lab2.pyproj", "{589AE7D3-0B8A-4CCE-B98C-5349D8E3601F}"
EndProject
Global
	GlobalSection(SolutionConfigurationPlatforms) = preSolution
		Debug|Any CPU = Debug|Any CPU
		Release|Any CPU = Release|Any CPU
	EndGlobalSection
	GlobalSection(ProjectConfigurationPlatforms) = postSolution
		{589AE7D3-0B8A-4CCE-B98C-5349D8E3601F}.Debug|Any CPU.ActiveCfg = Debug|Any CPU
		{589AE7D3-0B8A-4CCE-B98C-5349D8E3601F}.Debug|Any CPU.Build.0 = Debug|Any CPU
		{589AE7D3-0B8A-4CCE-B98C-5349D8E3601F}.Release|Any CPU.ActiveCfg = Release|Any CPU
		{589AE7D3-0B8A-4CCE-B98C-5349D8E3601F}.Release|Any CPU.Build.0 = Release|Any CPU
	EndGlobalSection
	GlobalSection(SolutionProperties) = preSolution
		HideSolutionNode = FALSE
	EndGlobalSection
	GlobalSection(ExtensibilityGlobals) = postSolution
		SolutionGuid = {83313852-0087-4CEB-A3C3-F7ED47713708}
	EndGlobalSection
EndGlobal
